
Microsoft Visual Studio Solution File, Format Version 12.00
# Visual Studio 15
Project("{FAE04EC0-301F-11D3-BF4B-00C04F79EFBC}") = "Assembly-CSharp", "Assembly-CSharp.csproj", "{19C3455B-4FA4-CDD0-B786-2149EF6A871F}"
EndProject
Project("{FAE04EC0-301F-11D3-BF4B-00C04F79EFBC}") = "Assembly-CSharp-Editor", "Assembly-CSharp-Editor.csproj", "{8EDD4D80-07E6-1124-A084-FACAB3514416}"
EndProject
Global
	GlobalSection(SolutionConfigurationPlatforms) = preSolution
		Debug|Any CPU = Debug|Any CPU
		Release|Any CPU = Release|Any CPU
	EndGlobalSection
	GlobalSection(ProjectConfigurationPlatforms) = postSolution
		{19C3455B-4FA4-CDD0-B786-2149EF6A871F}.Debug|Any CPU.ActiveCfg = Debug|Any CPU
		{19C3455B-4FA4-CDD0-B786-2149EF6A871F}.Debug|Any CPU.Build.0 = Debug|Any CPU
		{19C3455B-4FA4-CDD0-B786-2149EF6A871F}.Release|Any CPU.ActiveCfg = Release|Any CPU
		{19C3455B-4FA4-CDD0-B786-2149EF6A871F}.Release|Any CPU.Build.0 = Release|Any CPU
		{8EDD4D80-07E6-1124-A084-FACAB3514416}.Debug|Any CPU.ActiveCfg = Debug|Any CPU
		{8EDD4D80-07E6-1124-A084-FACAB3514416}.Debug|Any CPU.Build.0 = Debug|Any CPU
		{8EDD4D80-07E6-1124-A084-FACAB3514416}.Release|Any CPU.ActiveCfg = Release|Any CPU
		{8EDD4D80-07E6-1124-A084-FACAB3514416}.Release|Any CPU.Build.0 = Release|Any CPU
	EndGlobalSection
	GlobalSection(SolutionProperties) = preSolution
		HideSolutionNode = FALSE
	EndGlobalSection
EndGlobal
